
Microsoft Visual Studio Solution File, Format Version 12.00
# Visual Studio Version 17
VisualStudioVersion = 17.9.34607.119
MinimumVisualStudioVersion = 10.0.40219.1
Project("{9A19103F-16F7-4668-BE54-9A1E7A4F7556}") = "DataStructures", "DataStructures.csproj", "{2A411F8F-3FA7-4055-A026-7A0FC268522E}"
EndProject
Project("{9A19103F-16F7-4668-BE54-9A1E7A4F7556}") = "DataStructuresFacts", "..\IntArray.Facts\DataStructuresFacts.csproj", "{83267D5C-84EB-4FAB-9F30-EBB98170F3F3}"
EndProject
Global
	GlobalSection(SolutionConfigurationPlatforms) = preSolution
		Debug|Any CPU = Debug|Any CPU
		Release|Any CPU = Release|Any CPU
	EndGlobalSection
	GlobalSection(ProjectConfigurationPlatforms) = postSolution
		{2A411F8F-3FA7-4055-A026-7A0FC268522E}.Debug|Any CPU.ActiveCfg = Debug|Any CPU
		{2A411F8F-3FA7-4055-A026-7A0FC268522E}.Debug|Any CPU.Build.0 = Debug|Any CPU
		{2A411F8F-3FA7-4055-A026-7A0FC268522E}.Release|Any CPU.ActiveCfg = Release|Any CPU
		{2A411F8F-3FA7-4055-A026-7A0FC268522E}.Release|Any CPU.Build.0 = Release|Any CPU
		{83267D5C-84EB-4FAB-9F30-EBB98170F3F3}.Debug|Any CPU.ActiveCfg = Debug|Any CPU
		{83267D5C-84EB-4FAB-9F30-EBB98170F3F3}.Debug|Any CPU.Build.0 = Debug|Any CPU
		{83267D5C-84EB-4FAB-9F30-EBB98170F3F3}.Release|Any CPU.ActiveCfg = Release|Any CPU
		{83267D5C-84EB-4FAB-9F30-EBB98170F3F3}.Release|Any CPU.Build.0 = Release|Any CPU
	EndGlobalSection
	GlobalSection(SolutionProperties) = preSolution
		HideSolutionNode = FALSE
	EndGlobalSection
	GlobalSection(ExtensibilityGlobals) = postSolution
		SolutionGuid = {665307D2-5F93-47C8-BC75-6A8A6BF67E52}
	EndGlobalSection
EndGlobal
